
Microsoft Visual Studio Solution File, Format Version 12.00
# Visual Studio Version 17
VisualStudioVersion = 17.9.34728.123
MinimumVisualStudioVersion = 10.0.40219.1
Project("{9A19103F-16F7-4668-BE54-9A1E7A4F7556}") = "NationalPark_webApi_1", "NationalPark_webApi_1\NationalPark_webApi_1.csproj", "{E9B0004C-10E8-4BE5-B646-32E822FF9172}"
EndProject
Project("{FAE04EC0-301F-11D3-BF4B-00C04F79EFBC}") = "Np_WebApp", "Np_WebApp\Np_WebApp.csproj", "{8BF674E8-9A9E-4BAF-B1C5-0F8F82D742C5}"
EndProject
Global
	GlobalSection(SolutionConfigurationPlatforms) = preSolution
		Debug|Any CPU = Debug|Any CPU
		Release|Any CPU = Release|Any CPU
	EndGlobalSection
	GlobalSection(ProjectConfigurationPlatforms) = postSolution
		{E9B0004C-10E8-4BE5-B646-32E822FF9172}.Debug|Any CPU.ActiveCfg = Debug|Any CPU
		{E9B0004C-10E8-4BE5-B646-32E822FF9172}.Debug|Any CPU.Build.0 = Debug|Any CPU
		{E9B0004C-10E8-4BE5-B646-32E822FF9172}.Release|Any CPU.ActiveCfg = Release|Any CPU
		{E9B0004C-10E8-4BE5-B646-32E822FF9172}.Release|Any CPU.Build.0 = Release|Any CPU
		{8BF674E8-9A9E-4BAF-B1C5-0F8F82D742C5}.Debug|Any CPU.ActiveCfg = Debug|Any CPU
		{8BF674E8-9A9E-4BAF-B1C5-0F8F82D742C5}.Debug|Any CPU.Build.0 = Debug|Any CPU
		{8BF674E8-9A9E-4BAF-B1C5-0F8F82D742C5}.Release|Any CPU.ActiveCfg = Release|Any CPU
		{8BF674E8-9A9E-4BAF-B1C5-0F8F82D742C5}.Release|Any CPU.Build.0 = Release|Any CPU
	EndGlobalSection
	GlobalSection(SolutionProperties) = preSolution
		HideSolutionNode = FALSE
	EndGlobalSection
	GlobalSection(ExtensibilityGlobals) = postSolution
		SolutionGuid = {C900AAD7-7A11-4AE2-942C-7DDEC721132E}
	EndGlobalSection
EndGlobal
